
Microsoft Visual Studio Solution File, Format Version 12.00
# Visual Studio Version 16
VisualStudioVersion = 16.0.29609.76
MinimumVisualStudioVersion = 10.0.40219.1
Project("{2150E333-8FDC-42A3-9474-1A3956D46DE8}") = "BackEnd", "BackEnd", "{D4E4C7DD-8641-48B6-88AB-64F5383962C6}"
EndProject
Project("{2150E333-8FDC-42A3-9474-1A3956D46DE8}") = "Servicios", "Servicios", "{411D9C90-F5B6-4FF1-AE87-A12CF81087CB}"
EndProject
Project("{2150E333-8FDC-42A3-9474-1A3956D46DE8}") = "Web", "Web", "{1618DA06-83C7-4140-AEA4-8A9B9D731CCF}"
EndProject
Project("{2150E333-8FDC-42A3-9474-1A3956D46DE8}") = "Acceso_Datos", "Acceso_Datos", "{85916A69-D0FD-48DE-847F-21E377489719}"
EndProject
Project("{2150E333-8FDC-42A3-9474-1A3956D46DE8}") = "Negocio", "Negocio", "{D0E64A44-B6E6-4005-9ECF-F938BCCBD86A}"
EndProject
Project("{2150E333-8FDC-42A3-9474-1A3956D46DE8}") = "Database", "Database", "{CFCFF926-EAE3-4CCA-A2A7-C6ECBFF2D6FF}"
EndProject
Project("{9A19103F-16F7-4668-BE54-9A1E7A4F7556}") = "Conexion", "Conexion\Conexion.csproj", "{EC5575D7-AC4A-4DA5-919F-42182E7BAE43}"
EndProject
Project("{9A19103F-16F7-4668-BE54-9A1E7A4F7556}") = "Modelos", "Modelos\Modelos.csproj", "{993CF486-D89A-4374-BA81-5698ECAD8FC4}"
EndProject
Project("{9A19103F-16F7-4668-BE54-9A1E7A4F7556}") = "GatewayService", "GatewayService\GatewayService.csproj", "{6A2233AA-2F5B-45BC-AADA-F3993610F9F5}"
EndProject
Project("{2150E333-8FDC-42A3-9474-1A3956D46DE8}") = "Documentacion Base Datos", "Documentacion Base Datos", "{D89D27AD-1153-4BBE-B106-4A767B310216}"
EndProject
Project("{2150E333-8FDC-42A3-9474-1A3956D46DE8}") = "Diccionarios de Datos", "Diccionarios de Datos", "{B5EC53A4-251A-4D67-B3EC-646BCD3A23CA}"
	ProjectSection(SolutionItems) = preProject
		BaseDeDatosDocumentacion\Control\Diccionario de datos.xlsx = BaseDeDatosDocumentacion\Control\Diccionario de datos.xlsx
	EndProjectSection
EndProject
Project("{2150E333-8FDC-42A3-9474-1A3956D46DE8}") = "Scripts", "Scripts", "{82DDAD8A-3D3C-4509-92B6-304134E9B76E}"
EndProject
Project("{2150E333-8FDC-42A3-9474-1A3956D46DE8}") = "Entidad Relacion", "Entidad Relacion", "{1351449B-2480-45D5-B5F2-95837B135A5D}"
EndProject
Project("{9A19103F-16F7-4668-BE54-9A1E7A4F7556}") = "AccesoDatos_ApegoContractual", "Datos\AccesoDatos_ApegoContractual\AccesoDatos_ApegoContractual.csproj", "{08D15F24-DCEF-4C9F-880B-C26F3215711A}"
EndProject
Project("{9A19103F-16F7-4668-BE54-9A1E7A4F7556}") = "AccesoDatos_AdminContratos", "Datos\AccesoDatos_AdministracionContratos\AccesoDatos_AdminContratos.csproj", "{41A59C66-8B38-4EB9-9690-B95AD9F746FA}"
EndProject
Project("{9A19103F-16F7-4668-BE54-9A1E7A4F7556}") = "Negocio_ApegoContractual", "Negocio\Negocio_ApegoContractual\Negocio_ApegoContractual.csproj", "{01B2C204-BF7B-4678-A3AE-B489B0CAF749}"
EndProject
Project("{9A19103F-16F7-4668-BE54-9A1E7A4F7556}") = "FileManager", "FileManager\FileManager.csproj", "{B48E8F09-B277-41DE-BC3D-DB402CB6A9DB}"
EndProject
Project("{9A19103F-16F7-4668-BE54-9A1E7A4F7556}") = "Microservicios_ApegoContractual", "Microservios\Microservicios_ApegoContractual\Microservicios_ApegoContractual.csproj", "{90041468-7F15-4251-93B8-2F03DBB5B790}"
EndProject
Project("{9A19103F-16F7-4668-BE54-9A1E7A4F7556}") = "ApegoContractual", "Sites\ApegoContractual\ApegoContractual\ApegoContractual.csproj", "{B3AE6FF6-043C-4B20-8D7B-2F19D02E6B75}"
EndProject
Project("{9A19103F-16F7-4668-BE54-9A1E7A4F7556}") = "Negocio_AdminContratos", "Negocio\Negocio_AdminContratos\Negocio_AdminContratos.csproj", "{325ABF7D-852C-4366-91DA-8AED4351CA20}"
EndProject
Project("{9A19103F-16F7-4668-BE54-9A1E7A4F7556}") = "Microservicios_AdministracionDeContratos", "Microservios\Microservicios_AdminContratos\Microservicios_AdministracionDeContratos.csproj", "{2A4D4D0D-1FCD-4102-826A-90B2E301EE14}"
EndProject
Project("{9A19103F-16F7-4668-BE54-9A1E7A4F7556}") = "Microservicios_AdministracionArchivos", "Microservios\Microservicios_AdministracionDeArchivos\Microservicios_AdministracionArchivos.csproj", "{A6452002-2F54-4962-899F-0EF22D39CFC9}"
EndProject
Project("{9A19103F-16F7-4668-BE54-9A1E7A4F7556}") = "AdministracionDeArchivos", "Datos\AccesoDatos_AdministracionDeArchivos\AdministracionDeArchivos.csproj", "{90361051-FC44-45F8-9BBF-89D7C89D8BA0}"
EndProject
Project("{9A19103F-16F7-4668-BE54-9A1E7A4F7556}") = "Negocio_AdminArchivos", "Negocio\Negocio_AdminArchivos\Negocio_AdminArchivos.csproj", "{A53430BF-4125-410C-9518-F958298746C2}"
EndProject
Project("{9A19103F-16F7-4668-BE54-9A1E7A4F7556}") = "Microservicios_SistemaDeAdquisiciones", "Microservios\Microservicios_SistemaDeAdquisiones\Microservicios_SistemaDeAdquisiciones.csproj", "{F0F21A0A-F85D-449D-9382-5A24441BDDDC}"
EndProject
Project("{9A19103F-16F7-4668-BE54-9A1E7A4F7556}") = "Negocio_SistemaAdquisiciones", "Negocio\Negocio_SistemaAdquisiciones\Negocio_SistemaAdquisiciones.csproj", "{982F2A19-BBD9-4BC7-847F-132447E82E3A}"
EndProject
Project("{9A19103F-16F7-4668-BE54-9A1E7A4F7556}") = "AccesoDatos_SistemaAdquisiciones", "Datos\AccesoDatos_SistemaAdquisiciones\AccesoDatos_SistemaAdquisiciones.csproj", "{4C748C3E-0A82-4EA2-A807-AB64BFE8D6AC}"
EndProject
Project("{9A19103F-16F7-4668-BE54-9A1E7A4F7556}") = "Microservicios_BusNotificaciones", "Microservios\Microservios_BusNotificaciones\Microservicios_BusNotificaciones.csproj", "{FB739DDA-1432-4FF4-A60D-FAC9DD1D2CF6}"
EndProject
Project("{2150E333-8FDC-42A3-9474-1A3956D46DE8}") = "Utilidades", "Utilidades", "{4248CC29-A7C6-4926-AE70-2AB277AC7EE9}"
EndProject
Project("{9A19103F-16F7-4668-BE54-9A1E7A4F7556}") = "Utilidades", "Utilidades\Utilidades.csproj", "{3C625789-B1EB-4721-B484-5F9DDA8FDDB1}"
EndProject
Project("{9A19103F-16F7-4668-BE54-9A1E7A4F7556}") = "AdministracionContractual", "Sites\AdministracionContractual\AdministracionContractual\AdministracionContractual.csproj", "{ABAD539E-3B4E-40A2-A4EC-AEE5948A1396}"
EndProject
Project("{9A19103F-16F7-4668-BE54-9A1E7A4F7556}") = "SistemaDeAdquisiciones", "Sites\Adquisiciones\Adquisiciones\SistemaDeAdquisiciones.csproj", "{2779B413-48C6-4D44-BAA3-4D0874173A8B}"
EndProject
Global
	GlobalSection(SolutionConfigurationPlatforms) = preSolution
		Debug|Any CPU = Debug|Any CPU
		Release|Any CPU = Release|Any CPU
	EndGlobalSection
	GlobalSection(ProjectConfigurationPlatforms) = postSolution
		{EC5575D7-AC4A-4DA5-919F-42182E7BAE43}.Debug|Any CPU.ActiveCfg = Debug|Any CPU
		{EC5575D7-AC4A-4DA5-919F-42182E7BAE43}.Debug|Any CPU.Build.0 = Debug|Any CPU
		{EC5575D7-AC4A-4DA5-919F-42182E7BAE43}.Release|Any CPU.ActiveCfg = Release|Any CPU
		{EC5575D7-AC4A-4DA5-919F-42182E7BAE43}.Release|Any CPU.Build.0 = Release|Any CPU
		{993CF486-D89A-4374-BA81-5698ECAD8FC4}.Debug|Any CPU.ActiveCfg = Debug|Any CPU
		{993CF486-D89A-4374-BA81-5698ECAD8FC4}.Debug|Any CPU.Build.0 = Debug|Any CPU
		{993CF486-D89A-4374-BA81-5698ECAD8FC4}.Release|Any CPU.ActiveCfg = Release|Any CPU
		{993CF486-D89A-4374-BA81-5698ECAD8FC4}.Release|Any CPU.Build.0 = Release|Any CPU
		{6A2233AA-2F5B-45BC-AADA-F3993610F9F5}.Debug|Any CPU.ActiveCfg = Debug|Any CPU
		{6A2233AA-2F5B-45BC-AADA-F3993610F9F5}.Debug|Any CPU.Build.0 = Debug|Any CPU
		{6A2233AA-2F5B-45BC-AADA-F3993610F9F5}.Release|Any CPU.ActiveCfg = Release|Any CPU
		{6A2233AA-2F5B-45BC-AADA-F3993610F9F5}.Release|Any CPU.Build.0 = Release|Any CPU
		{08D15F24-DCEF-4C9F-880B-C26F3215711A}.Debug|Any CPU.ActiveCfg = Debug|Any CPU
		{08D15F24-DCEF-4C9F-880B-C26F3215711A}.Debug|Any CPU.Build.0 = Debug|Any CPU
		{08D15F24-DCEF-4C9F-880B-C26F3215711A}.Release|Any CPU.ActiveCfg = Release|Any CPU
		{08D15F24-DCEF-4C9F-880B-C26F3215711A}.Release|Any CPU.Build.0 = Release|Any CPU
		{41A59C66-8B38-4EB9-9690-B95AD9F746FA}.Debug|Any CPU.ActiveCfg = Debug|Any CPU
		{41A59C66-8B38-4EB9-9690-B95AD9F746FA}.Debug|Any CPU.Build.0 = Debug|Any CPU
		{41A59C66-8B38-4EB9-9690-B95AD9F746FA}.Release|Any CPU.ActiveCfg = Release|Any CPU
		{41A59C66-8B38-4EB9-9690-B95AD9F746FA}.Release|Any CPU.Build.0 = Release|Any CPU
		{01B2C204-BF7B-4678-A3AE-B489B0CAF749}.Debug|Any CPU.ActiveCfg = Debug|Any CPU
		{01B2C204-BF7B-4678-A3AE-B489B0CAF749}.Debug|Any CPU.Build.0 = Debug|Any CPU
		{01B2C204-BF7B-4678-A3AE-B489B0CAF749}.Release|Any CPU.ActiveCfg = Release|Any CPU
		{01B2C204-BF7B-4678-A3AE-B489B0CAF749}.Release|Any CPU.Build.0 = Release|Any CPU
		{B48E8F09-B277-41DE-BC3D-DB402CB6A9DB}.Debug|Any CPU.ActiveCfg = Debug|Any CPU
		{B48E8F09-B277-41DE-BC3D-DB402CB6A9DB}.Debug|Any CPU.Build.0 = Debug|Any CPU
		{B48E8F09-B277-41DE-BC3D-DB402CB6A9DB}.Release|Any CPU.ActiveCfg = Release|Any CPU
		{B48E8F09-B277-41DE-BC3D-DB402CB6A9DB}.Release|Any CPU.Build.0 = Release|Any CPU
		{90041468-7F15-4251-93B8-2F03DBB5B790}.Debug|Any CPU.ActiveCfg = Debug|Any CPU
		{90041468-7F15-4251-93B8-2F03DBB5B790}.Debug|Any CPU.Build.0 = Debug|Any CPU
		{90041468-7F15-4251-93B8-2F03DBB5B790}.Release|Any CPU.ActiveCfg = Release|Any CPU
		{90041468-7F15-4251-93B8-2F03DBB5B790}.Release|Any CPU.Build.0 = Release|Any CPU
		{B3AE6FF6-043C-4B20-8D7B-2F19D02E6B75}.Debug|Any CPU.ActiveCfg = Debug|Any CPU
		{B3AE6FF6-043C-4B20-8D7B-2F19D02E6B75}.Debug|Any CPU.Build.0 = Debug|Any CPU
		{B3AE6FF6-043C-4B20-8D7B-2F19D02E6B75}.Release|Any CPU.ActiveCfg = Release|Any CPU
		{B3AE6FF6-043C-4B20-8D7B-2F19D02E6B75}.Release|Any CPU.Build.0 = Release|Any CPU
		{325ABF7D-852C-4366-91DA-8AED4351CA20}.Debug|Any CPU.ActiveCfg = Debug|Any CPU
		{325ABF7D-852C-4366-91DA-8AED4351CA20}.Debug|Any CPU.Build.0 = Debug|Any CPU
		{325ABF7D-852C-4366-91DA-8AED4351CA20}.Release|Any CPU.ActiveCfg = Release|Any CPU
		{325ABF7D-852C-4366-91DA-8AED4351CA20}.Release|Any CPU.Build.0 = Release|Any CPU
		{2A4D4D0D-1FCD-4102-826A-90B2E301EE14}.Debug|Any CPU.ActiveCfg = Debug|Any CPU
		{2A4D4D0D-1FCD-4102-826A-90B2E301EE14}.Debug|Any CPU.Build.0 = Debug|Any CPU
		{2A4D4D0D-1FCD-4102-826A-90B2E301EE14}.Release|Any CPU.ActiveCfg = Release|Any CPU
		{2A4D4D0D-1FCD-4102-826A-90B2E301EE14}.Release|Any CPU.Build.0 = Release|Any CPU
		{A6452002-2F54-4962-899F-0EF22D39CFC9}.Debug|Any CPU.ActiveCfg = Debug|Any CPU
		{A6452002-2F54-4962-899F-0EF22D39CFC9}.Debug|Any CPU.Build.0 = Debug|Any CPU
		{A6452002-2F54-4962-899F-0EF22D39CFC9}.Release|Any CPU.ActiveCfg = Release|Any CPU
		{A6452002-2F54-4962-899F-0EF22D39CFC9}.Release|Any CPU.Build.0 = Release|Any CPU
		{90361051-FC44-45F8-9BBF-89D7C89D8BA0}.Debug|Any CPU.ActiveCfg = Debug|Any CPU
		{90361051-FC44-45F8-9BBF-89D7C89D8BA0}.Debug|Any CPU.Build.0 = Debug|Any CPU
		{90361051-FC44-45F8-9BBF-89D7C89D8BA0}.Release|Any CPU.ActiveCfg = Release|Any CPU
		{90361051-FC44-45F8-9BBF-89D7C89D8BA0}.Release|Any CPU.Build.0 = Release|Any CPU
		{A53430BF-4125-410C-9518-F958298746C2}.Debug|Any CPU.ActiveCfg = Debug|Any CPU
		{A53430BF-4125-410C-9518-F958298746C2}.Debug|Any CPU.Build.0 = Debug|Any CPU
		{A53430BF-4125-410C-9518-F958298746C2}.Release|Any CPU.ActiveCfg = Release|Any CPU
		{A53430BF-4125-410C-9518-F958298746C2}.Release|Any CPU.Build.0 = Release|Any CPU
		{F0F21A0A-F85D-449D-9382-5A24441BDDDC}.Debug|Any CPU.ActiveCfg = Debug|Any CPU
		{F0F21A0A-F85D-449D-9382-5A24441BDDDC}.Debug|Any CPU.Build.0 = Debug|Any CPU
		{F0F21A0A-F85D-449D-9382-5A24441BDDDC}.Release|Any CPU.ActiveCfg = Release|Any CPU
		{F0F21A0A-F85D-449D-9382-5A24441BDDDC}.Release|Any CPU.Build.0 = Release|Any CPU
		{982F2A19-BBD9-4BC7-847F-132447E82E3A}.Debug|Any CPU.ActiveCfg = Debug|Any CPU
		{982F2A19-BBD9-4BC7-847F-132447E82E3A}.Debug|Any CPU.Build.0 = Debug|Any CPU
		{982F2A19-BBD9-4BC7-847F-132447E82E3A}.Release|Any CPU.ActiveCfg = Release|Any CPU
		{982F2A19-BBD9-4BC7-847F-132447E82E3A}.Release|Any CPU.Build.0 = Release|Any CPU
		{4C748C3E-0A82-4EA2-A807-AB64BFE8D6AC}.Debug|Any CPU.ActiveCfg = Debug|Any CPU
		{4C748C3E-0A82-4EA2-A807-AB64BFE8D6AC}.Debug|Any CPU.Build.0 = Debug|Any CPU
		{4C748C3E-0A82-4EA2-A807-AB64BFE8D6AC}.Release|Any CPU.ActiveCfg = Release|Any CPU
		{4C748C3E-0A82-4EA2-A807-AB64BFE8D6AC}.Release|Any CPU.Build.0 = Release|Any CPU
		{FB739DDA-1432-4FF4-A60D-FAC9DD1D2CF6}.Debug|Any CPU.ActiveCfg = Debug|Any CPU
		{FB739DDA-1432-4FF4-A60D-FAC9DD1D2CF6}.Debug|Any CPU.Build.0 = Debug|Any CPU
		{FB739DDA-1432-4FF4-A60D-FAC9DD1D2CF6}.Release|Any CPU.ActiveCfg = Release|Any CPU
		{FB739DDA-1432-4FF4-A60D-FAC9DD1D2CF6}.Release|Any CPU.Build.0 = Release|Any CPU
		{3C625789-B1EB-4721-B484-5F9DDA8FDDB1}.Debug|Any CPU.ActiveCfg = Debug|Any CPU
		{3C625789-B1EB-4721-B484-5F9DDA8FDDB1}.Debug|Any CPU.Build.0 = Debug|Any CPU
		{3C625789-B1EB-4721-B484-5F9DDA8FDDB1}.Release|Any CPU.ActiveCfg = Release|Any CPU
		{3C625789-B1EB-4721-B484-5F9DDA8FDDB1}.Release|Any CPU.Build.0 = Release|Any CPU
		{ABAD539E-3B4E-40A2-A4EC-AEE5948A1396}.Debug|Any CPU.ActiveCfg = Debug|Any CPU
		{ABAD539E-3B4E-40A2-A4EC-AEE5948A1396}.Debug|Any CPU.Build.0 = Debug|Any CPU
		{ABAD539E-3B4E-40A2-A4EC-AEE5948A1396}.Release|Any CPU.ActiveCfg = Release|Any CPU
		{ABAD539E-3B4E-40A2-A4EC-AEE5948A1396}.Release|Any CPU.Build.0 = Release|Any CPU
		{2779B413-48C6-4D44-BAA3-4D0874173A8B}.Debug|Any CPU.ActiveCfg = Debug|Any CPU
		{2779B413-48C6-4D44-BAA3-4D0874173A8B}.Debug|Any CPU.Build.0 = Debug|Any CPU
		{2779B413-48C6-4D44-BAA3-4D0874173A8B}.Release|Any CPU.ActiveCfg = Release|Any CPU
		{2779B413-48C6-4D44-BAA3-4D0874173A8B}.Release|Any CPU.Build.0 = Release|Any CPU
	EndGlobalSection
	GlobalSection(SolutionProperties) = preSolution
		HideSolutionNode = FALSE
	EndGlobalSection
	GlobalSection(NestedProjects) = preSolution
		{85916A69-D0FD-48DE-847F-21E377489719} = {D4E4C7DD-8641-48B6-88AB-64F5383962C6}
		{D0E64A44-B6E6-4005-9ECF-F938BCCBD86A} = {D4E4C7DD-8641-48B6-88AB-64F5383962C6}
		{CFCFF926-EAE3-4CCA-A2A7-C6ECBFF2D6FF} = {D4E4C7DD-8641-48B6-88AB-64F5383962C6}
		{EC5575D7-AC4A-4DA5-919F-42182E7BAE43} = {CFCFF926-EAE3-4CCA-A2A7-C6ECBFF2D6FF}
		{993CF486-D89A-4374-BA81-5698ECAD8FC4} = {CFCFF926-EAE3-4CCA-A2A7-C6ECBFF2D6FF}
		{6A2233AA-2F5B-45BC-AADA-F3993610F9F5} = {411D9C90-F5B6-4FF1-AE87-A12CF81087CB}
		{B5EC53A4-251A-4D67-B3EC-646BCD3A23CA} = {D89D27AD-1153-4BBE-B106-4A767B310216}
		{82DDAD8A-3D3C-4509-92B6-304134E9B76E} = {D89D27AD-1153-4BBE-B106-4A767B310216}
		{1351449B-2480-45D5-B5F2-95837B135A5D} = {D89D27AD-1153-4BBE-B106-4A767B310216}
		{08D15F24-DCEF-4C9F-880B-C26F3215711A} = {85916A69-D0FD-48DE-847F-21E377489719}
		{41A59C66-8B38-4EB9-9690-B95AD9F746FA} = {85916A69-D0FD-48DE-847F-21E377489719}
		{01B2C204-BF7B-4678-A3AE-B489B0CAF749} = {D0E64A44-B6E6-4005-9ECF-F938BCCBD86A}
		{B48E8F09-B277-41DE-BC3D-DB402CB6A9DB} = {411D9C90-F5B6-4FF1-AE87-A12CF81087CB}
		{90041468-7F15-4251-93B8-2F03DBB5B790} = {411D9C90-F5B6-4FF1-AE87-A12CF81087CB}
		{B3AE6FF6-043C-4B20-8D7B-2F19D02E6B75} = {1618DA06-83C7-4140-AEA4-8A9B9D731CCF}
		{325ABF7D-852C-4366-91DA-8AED4351CA20} = {D0E64A44-B6E6-4005-9ECF-F938BCCBD86A}
		{2A4D4D0D-1FCD-4102-826A-90B2E301EE14} = {411D9C90-F5B6-4FF1-AE87-A12CF81087CB}
		{A6452002-2F54-4962-899F-0EF22D39CFC9} = {411D9C90-F5B6-4FF1-AE87-A12CF81087CB}
		{90361051-FC44-45F8-9BBF-89D7C89D8BA0} = {85916A69-D0FD-48DE-847F-21E377489719}
		{A53430BF-4125-410C-9518-F958298746C2} = {D0E64A44-B6E6-4005-9ECF-F938BCCBD86A}
		{F0F21A0A-F85D-449D-9382-5A24441BDDDC} = {411D9C90-F5B6-4FF1-AE87-A12CF81087CB}
		{982F2A19-BBD9-4BC7-847F-132447E82E3A} = {D0E64A44-B6E6-4005-9ECF-F938BCCBD86A}
		{4C748C3E-0A82-4EA2-A807-AB64BFE8D6AC} = {85916A69-D0FD-48DE-847F-21E377489719}
		{FB739DDA-1432-4FF4-A60D-FAC9DD1D2CF6} = {411D9C90-F5B6-4FF1-AE87-A12CF81087CB}
		{3C625789-B1EB-4721-B484-5F9DDA8FDDB1} = {4248CC29-A7C6-4926-AE70-2AB277AC7EE9}
		{ABAD539E-3B4E-40A2-A4EC-AEE5948A1396} = {1618DA06-83C7-4140-AEA4-8A9B9D731CCF}
		{2779B413-48C6-4D44-BAA3-4D0874173A8B} = {1618DA06-83C7-4140-AEA4-8A9B9D731CCF}
	EndGlobalSection
	GlobalSection(ExtensibilityGlobals) = postSolution
		SolutionGuid = {86160A2A-C845-435B-9E03-916991DFB614}
	EndGlobalSection
EndGlobal
